
Microsoft Visual Studio Solution File, Format Version 12.00
# Visual Studio Version 17
VisualStudioVersion = 17.9.34714.143
MinimumVisualStudioVersion = 10.0.40219.1
Project("{FAE04EC0-301F-11D3-BF4B-00C04F79EFBC}") = "ЛР3_ЭСвЭ_1е", "ЛР3_ЭСвЭ_1е\ЛР3_ЭСвЭ_1е.csproj", "{72BA428E-0064-4C15-94C8-142778FB699D}"
EndProject
Global
	GlobalSection(SolutionConfigurationPlatforms) = preSolution
		Debug|Any CPU = Debug|Any CPU
		Release|Any CPU = Release|Any CPU
	EndGlobalSection
	GlobalSection(ProjectConfigurationPlatforms) = postSolution
		{72BA428E-0064-4C15-94C8-142778FB699D}.Debug|Any CPU.ActiveCfg = Debug|Any CPU
		{72BA428E-0064-4C15-94C8-142778FB699D}.Debug|Any CPU.Build.0 = Debug|Any CPU
		{72BA428E-0064-4C15-94C8-142778FB699D}.Release|Any CPU.ActiveCfg = Release|Any CPU
		{72BA428E-0064-4C15-94C8-142778FB699D}.Release|Any CPU.Build.0 = Release|Any CPU
	EndGlobalSection
	GlobalSection(SolutionProperties) = preSolution
		HideSolutionNode = FALSE
	EndGlobalSection
	GlobalSection(ExtensibilityGlobals) = postSolution
		SolutionGuid = {A41BAA52-6B6F-41B3-BD60-C99806675D91}
	EndGlobalSection
EndGlobal
